
Microsoft Visual Studio Solution File, Format Version 12.00
# Visual Studio Version 17
VisualStudioVersion = 17.4.33103.184
MinimumVisualStudioVersion = 10.0.40219.1
Project("{FAE04EC0-301F-11D3-BF4B-00C04F79EFBC}") = "WebWeatherApp", "WebWeatherApp\WebWeatherApp.csproj", "{90A7E452-6DCF-4142-84FA-E3DE6ECC2B9D}"
EndProject
Global
	GlobalSection(SolutionConfigurationPlatforms) = preSolution
		Debug|Any CPU = Debug|Any CPU
		Release|Any CPU = Release|Any CPU
	EndGlobalSection
	GlobalSection(ProjectConfigurationPlatforms) = postSolution
		{90A7E452-6DCF-4142-84FA-E3DE6ECC2B9D}.Debug|Any CPU.ActiveCfg = Debug|Any CPU
		{90A7E452-6DCF-4142-84FA-E3DE6ECC2B9D}.Debug|Any CPU.Build.0 = Debug|Any CPU
		{90A7E452-6DCF-4142-84FA-E3DE6ECC2B9D}.Release|Any CPU.ActiveCfg = Release|Any CPU
		{90A7E452-6DCF-4142-84FA-E3DE6ECC2B9D}.Release|Any CPU.Build.0 = Release|Any CPU
	EndGlobalSection
	GlobalSection(SolutionProperties) = preSolution
		HideSolutionNode = FALSE
	EndGlobalSection
	GlobalSection(ExtensibilityGlobals) = postSolution
		SolutionGuid = {754465FF-1ECC-4DCF-AB17-76D3DE82FAC4}
	EndGlobalSection
EndGlobal
